
Microsoft Visual Studio Solution File, Format Version 12.00
# Visual Studio 2013
VisualStudioVersion = 12.0.21005.1
MinimumVisualStudioVersion = 10.0.40219.1
Project("{D2ABAB84-BF74-430A-B69E-9DC6D40DDA17}") = "AnalysisServices_AWSAD", "AnalysisServices_AWSAD\AnalysisServices_AWSAD.dwproj", "{F75E663C-A539-4A9A-8D45-4FA0C8618E56}"
EndProject
Global
	GlobalSection(SolutionConfigurationPlatforms) = preSolution
		Development|Default = Development|Default
	EndGlobalSection
	GlobalSection(ProjectConfigurationPlatforms) = postSolution
		{F75E663C-A539-4A9A-8D45-4FA0C8618E56}.Development|Default.ActiveCfg = Development
		{F75E663C-A539-4A9A-8D45-4FA0C8618E56}.Development|Default.Build.0 = Development
		{F75E663C-A539-4A9A-8D45-4FA0C8618E56}.Development|Default.Deploy.0 = Development
	EndGlobalSection
	GlobalSection(SolutionProperties) = preSolution
		HideSolutionNode = FALSE
	EndGlobalSection
EndGlobal
